
Microsoft Visual Studio Solution File, Format Version 12.00
# Visual Studio Version 16
VisualStudioVersion = 16.0.31515.178
MinimumVisualStudioVersion = 10.0.40219.1
Project("{FAE04EC0-301F-11D3-BF4B-00C04F79EFBC}") = "AuthenticationPractice", "AuthenticationPractice\AuthenticationPractice.csproj", "{040396BA-DD8A-47D2-8951-062B743F281A}"
EndProject
Global
	GlobalSection(SolutionConfigurationPlatforms) = preSolution
		Debug|Any CPU = Debug|Any CPU
		Release|Any CPU = Release|Any CPU
	EndGlobalSection
	GlobalSection(ProjectConfigurationPlatforms) = postSolution
		{040396BA-DD8A-47D2-8951-062B743F281A}.Debug|Any CPU.ActiveCfg = Debug|Any CPU
		{040396BA-DD8A-47D2-8951-062B743F281A}.Debug|Any CPU.Build.0 = Debug|Any CPU
		{040396BA-DD8A-47D2-8951-062B743F281A}.Release|Any CPU.ActiveCfg = Release|Any CPU
		{040396BA-DD8A-47D2-8951-062B743F281A}.Release|Any CPU.Build.0 = Release|Any CPU
	EndGlobalSection
	GlobalSection(SolutionProperties) = preSolution
		HideSolutionNode = FALSE
	EndGlobalSection
	GlobalSection(ExtensibilityGlobals) = postSolution
		SolutionGuid = {DBF43521-3FF6-4F1D-A378-76831B189E79}
	EndGlobalSection
EndGlobal
